// !$*UTF8*$!
{
	archiveVersion = 1;
	classes = {
	};
	objectVersion = 46;
	objects = {

/* Begin PBXBuildFile section */
		D56581E51CB51FA000AB8DDB /* main.m in Sources */ = {isa = PBXBuildFile; fileRef = D56581E41CB51FA000AB8DDB /* main.m */; };
		D56581E81CB51FA000AB8DDB /* AppDelegate.m in Sources */ = {isa = PBXBuildFile; fileRef = D56581E71CB51FA000AB8DDB /* AppDelegate.m */; };
		D56581EB1CB51FA000AB8DDB /* ViewController.m in Sources */ = {isa = PBXBuildFile; fileRef = D56581EA1CB51FA000AB8DDB /* ViewController.m */; };
		D56581EE1CB51FA000AB8DDB /* Main.storyboard in Resources */ = {isa = PBXBuildFile; fileRef = D56581EC1CB51FA000AB8DDB /* Main.storyboard */; };
		D56581F01CB51FA000AB8DDB /* Assets.xcassets in Resources */ = {isa = PBXBuildFile; fileRef = D56581EF1CB51FA000AB8DDB /* Assets.xcassets */; };
		D56581F31CB51FA000AB8DDB /* LaunchScreen.storyboard in Resources */ = {isa = PBXBuildFile; fileRef = D56581F11CB51FA000AB8DDB /* LaunchScreen.storyboard */; };
		D56581FE1CB51FA000AB8DDB /* EpochConverterTests.m in Sources */ = {isa = PBXBuildFile; fileRef = D56581FD1CB51FA000AB8DDB /* EpochConverterTests.m */; };
		D5BB77351CB65161000AAFE6 /* EpochConverter.m in Sources */ = {isa = PBXBuildFile; fileRef = D5BB77341CB65161000AAFE6 /* EpochConverter.m */; };
/* End PBXBuildFile section */

/* Begin PBXContainerItemProxy section */
		D56581FA1CB51FA000AB8DDB /* PBXContainerItemProxy */ = {
			isa = PBXContainerItemProxy;
			containerPortal = D56581D81CB51FA000AB8DDB /* Project object */;
			proxyType = 1;
			remoteGlobalIDString = D56581DF1CB51FA000AB8DDB;
			remoteInfo = EpochConverter;
		};
/* End PBXContainerItemProxy section */

/* Begin PBXFileReference section */
		D56581E01CB51FA000AB8DDB /* EpochConverter.app */ = {isa = PBXFileReference; explicitFileType = wrapper.application; includeInIndex = 0; path = EpochConverter.app; sourceTree = BUILT_PRODUCTS_DIR; };
		D56581E41CB51FA000AB8DDB /* main.m */ = {isa = PBXFileReference; lastKnownFileType = sourcecode.c.objc; path = main.m; sourceTree = "<group>"; };
		D56581E61CB51FA000AB8DDB /* AppDelegate.h */ = {isa = PBXFileReference; lastKnownFileType = sourcecode.c.h; path = AppDelegate.h; sourceTree = "<group>"; };
		D56581E71CB51FA000AB8DDB /* AppDelegate.m */ = {isa = PBXFileReference; lastKnownFileType = sourcecode.c.objc; path = AppDelegate.m; sourceTree = "<group>"; };
		D56581E91CB51FA000AB8DDB /* ViewController.h */ = {isa = PBXFileReference; lastKnownFileType = sourcecode.c.h; path = ViewController.h; sourceTree = "<group>"; };
		D56581EA1CB51FA000AB8DDB /* ViewController.m */ = {isa = PBXFileReference; lastKnownFileType = sourcecode.c.objc; path = ViewController.m; sourceTree = "<group>"; };
		D56581ED1CB51FA000AB8DDB /* Base */ = {isa = PBXFileReference; lastKnownFileType = file.storyboard; name = Base; path = Base.lproj/Main.storyboard; sourceTree = "<group>"; };
		D56581EF1CB51FA000AB8DDB /* Assets.xcassets */ = {isa = PBXFileReference; lastKnownFileType = folder.assetcatalog; path = Assets.xcassets; sourceTree = "<group>"; };
		D56581F21CB51FA000AB8DDB /* Base */ = {isa = PBXFileReference; lastKnownFileType = file.storyboard; name = Base; path = Base.lproj/LaunchScreen.storyboard; sourceTree = "<group>"; };
		D56581F41CB51FA000AB8DDB /* Info.plist */ = {isa = PBXFileReference; lastKnownFileType = text.plist.xml; path = Info.plist; sourceTree = "<group>"; };
		D56581F91CB51FA000AB8DDB /* EpochConverterTests.xctest */ = {isa = PBXFileReference; explicitFileType = wrapper.cfbundle; includeInIndex = 0; path = EpochConverterTests.xctest; sourceTree = BUILT_PRODUCTS_DIR; };
		D56581FD1CB51FA000AB8DDB /* EpochConverterTests.m */ = {isa = PBXFileReference; lastKnownFileType = sourcecode.c.objc; path = EpochConverterTests.m; sourceTree = "<group>"; };
		D56581FF1CB51FA000AB8DDB /* Info.plist */ = {isa = PBXFileReference; lastKnownFileType = text.plist.xml; path = Info.plist; sourceTree = "<group>"; };
		D5BB77331CB65161000AAFE6 /* EpochConverter.h */ = {isa = PBXFileReference; fileEncoding = 4; lastKnownFileType = sourcecode.c.h; path = EpochConverter.h; sourceTree = "<group>"; };
		D5BB77341CB65161000AAFE6 /* EpochConverter.m */ = {isa = PBXFileReference; fileEncoding = 4; lastKnownFileType = sourcecode.c.objc; path = EpochConverter.m; sourceTree = "<group>"; };
/* End PBXFileReference section */

/* Begin PBXFrameworksBuildPhase section */
		D56581DD1CB51FA000AB8DDB /* Frameworks */ = {
			isa = PBXFrameworksBuildPhase;
			buildActionMask = 2147483647;
			files = (
			);
			runOnlyForDeploymentPostprocessing = 0;
		};
		D56581F61CB51FA000AB8DDB /* Frameworks */ = {
			isa = PBXFrameworksBuildPhase;
			buildActionMask = 2147483647;
			files = (
			);
			runOnlyForDeploymentPostprocessing = 0;
		};
/* End PBXFrameworksBuildPhase section */

/* Begin PBXGroup section */
		D56581D71CB51FA000AB8DDB = {
			isa = PBXGroup;
			children = (
				D56581E21CB51FA000AB8DDB /* EpochConverter */,
				D56581FC1CB51FA000AB8DDB /* EpochConverterTests */,
				D56581E11CB51FA000AB8DDB /* Products */,
			);
			sourceTree = "<group>";
		};
		D56581E11CB51FA000AB8DDB /* Products */ = {
			isa = PBXGroup;
			children = (
				D56581E01CB51FA000AB8DDB /* EpochConverter.app */,
				D56581F91CB51FA000AB8DDB /* EpochConverterTests.xctest */,
			);
			name = Products;
			sourceTree = "<group>";
		};
		D56581E21CB51FA000AB8DDB /* EpochConverter */ = {
			isa = PBXGroup;
			children = (
				D5BB77331CB65161000AAFE6 /* EpochConverter.h */,
				D5BB77341CB65161000AAFE6 /* EpochConverter.m */,
				D56581E61CB51FA000AB8DDB /* AppDelegate.h */,
				D56581E71CB51FA000AB8DDB /* AppDelegate.m */,
				D56581E91CB51FA000AB8DDB /* ViewController.h */,
				D56581EA1CB51FA000AB8DDB /* ViewController.m */,
				D56581EC1CB51FA000AB8DDB /* Main.storyboard */,
				D56581EF1CB51FA000AB8DDB /* Assets.xcassets */,
				D56581F11CB51FA000AB8DDB /* LaunchScreen.storyboard */,
				D56581F41CB51FA000AB8DDB /* Info.plist */,
				D56581E31CB51FA000AB8DDB /* Supporting Files */,
			);
			path = EpochConverter;
			sourceTree = "<group>";
		};
		D56581E31CB51FA000AB8DDB /* Supporting Files */ = {
			isa = PBXGroup;
			children = (
				D56581E41CB51FA000AB8DDB /* main.m */,
			);
			name = "Supporting Files";
			sourceTree = "<group>";
		};
		D56581FC1CB51FA000AB8DDB /* EpochConverterTests */ = {
			isa = PBXGroup;
			children = (
				D56581FD1CB51FA000AB8DDB /* EpochConverterTests.m */,
				D56581FF1CB51FA000AB8DDB /* Info.plist */,
			);
			path = EpochConverterTests;
			sourceTree = "<group>";
		};
/* End PBXGroup section */

/* Begin PBXNativeTarget section */
		D56581DF1CB51FA000AB8DDB /* EpochConverter */ = {
			isa = PBXNativeTarget;
			buildConfigurationList = D56582021CB51FA000AB8DDB /* Build configuration list for PBXNativeTarget "EpochConverter" */;
			buildPhases = (
				D56581DC1CB51FA000AB8DDB /* Sources */,
				D56581DD1CB51FA000AB8DDB /* Frameworks */,
				D56581DE1CB51FA000AB8DDB /* Resources */,
			);
			buildRules = (
			);
			dependencies = (
			);
			name = EpochConverter;
			productName = EpochConverter;
			productReference = D56581E01CB51FA000AB8DDB /* EpochConverter.app */;
			productType = "com.apple.product-type.application";
		};
		D56581F81CB51FA000AB8DDB /* EpochConverterTests */ = {
			isa = PBXNativeTarget;
			buildConfigurationList = D56582051CB51FA000AB8DDB /* Build configuration list for PBXNativeTarget "EpochConverterTests" */;
			buildPhases = (
				D56581F51CB51FA000AB8DDB /* Sources */,
				D56581F61CB51FA000AB8DDB /* Frameworks */,
				D56581F71CB51FA000AB8DDB /* Resources */,
			);
			buildRules = (
			);
			dependencies = (
				D56581FB1CB51FA000AB8DDB /* PBXTargetDependency */,
			);
			name = EpochConverterTests;
			productName = EpochConverterTests;
			productReference = D56581F91CB51FA000AB8DDB /* EpochConverterTests.xctest */;
			productType = "com.apple.product-type.bundle.unit-test";
		};
/* End PBXNativeTarget section */

/* Begin PBXProject section */
		D56581D81CB51FA000AB8DDB /* Project object */ = {
			isa = PBXProject;
			attributes = {
				LastUpgradeCheck = 0730;
				ORGANIZATIONNAME = Quver.xyz;
				TargetAttributes = {
					D56581DF1CB51FA000AB8DDB = {
						CreatedOnToolsVersion = 7.3;
					};
					D56581F81CB51FA000AB8DDB = {
						CreatedOnToolsVersion = 7.3;
						TestTargetID = D56581DF1CB51FA000AB8DDB;
					};
				};
			};
			buildConfigurationList = D56581DB1CB51FA000AB8DDB /* Build configuration list for PBXProject "EpochConverter" */;
			compatibilityVersion = "Xcode 3.2";
			developmentRegion = English;
			hasScannedForEncodings = 0;
			knownRegions = (
				en,
				Base,
			);
			mainGroup = D56581D71CB51FA000AB8DDB;
			productRefGroup = D56581E11CB51FA000AB8DDB /* Products */;
			projectDirPath = "";
			projectRoot = "";
			targets = (
				D56581DF1CB51FA000AB8DDB /* EpochConverter */,
				D56581F81CB51FA000AB8DDB /* EpochConverterTests */,
			);
		};
/* End PBXProject section */

/* Begin PBXResourcesBuildPhase section */
		D56581DE1CB51FA000AB8DDB /* Resources */ = {
			isa = PBXResourcesBuildPhase;
			buildActionMask = 2147483647;
			files = (
				D56581F31CB51FA000AB8DDB /* LaunchScreen.storyboard in Resources */,
				D56581F01CB51FA000AB8DDB /* Assets.xcassets in Resources */,
				D56581EE1CB51FA000AB8DDB /* Main.storyboard in Resources */,
			);
			runOnlyForDeploymentPostprocessing = 0;
		};
		D56581F71CB51FA000AB8DDB /* Resources */ = {
			isa = PBXResourcesBuildPhase;
			buildActionMask = 2147483647;
			files = (
			);
			runOnlyForDeploymentPostprocessing = 0;
		};
/* End PBXResourcesBuildPhase section */

/* Begin PBXSourcesBuildPhase section */
		D56581DC1CB51FA000AB8DDB /* Sources */ = {
			isa = PBXSourcesBuildPhase;
			buildActionMask = 2147483647;
			files = (
				D56581EB1CB51FA000AB8DDB /* ViewController.m in Sources */,
				D56581E81CB51FA000AB8DDB /* AppDelegate.m in Sources */,
				D5BB77351CB65161000AAFE6 /* EpochConverter.m in Sources */,
				D56581E51CB51FA000AB8DDB /* main.m in Sources */,
			);
			runOnlyForDeploymentPostprocessing = 0;
		};
		D56581F51CB51FA000AB8DDB /* Sources */ = {
			isa = PBXSourcesBuildPhase;
			buildActionMask = 2147483647;
			files = (
				D56581FE1CB51FA000AB8DDB /* EpochConverterTests.m in Sources */,
			);
			runOnlyForDeploymentPostprocessing = 0;
		};
/* End PBXSourcesBuildPhase section */

/* Begin PBXTargetDependency section */
		D56581FB1CB51FA000AB8DDB /* PBXTargetDependency */ = {
			isa = PBXTargetDependency;
			target = D56581DF1CB51FA000AB8DDB /* EpochConverter */;
			targetProxy = D56581FA1CB51FA000AB8DDB /* PBXContainerItemProxy */;
		};
/* End PBXTargetDependency section */

/* Begin PBXVariantGroup section */
		D56581EC1CB51FA000AB8DDB /* Main.storyboard */ = {
			isa = PBXVariantGroup;
			children = (
				D56581ED1CB51FA000AB8DDB /* Base */,
			);
			name = Main.storyboard;
			sourceTree = "<group>";
		};
		D56581F11CB51FA000AB8DDB /* LaunchScreen.storyboard */ = {
			isa = PBXVariantGroup;
			children = (
				D56581F21CB51FA000AB8DDB /* Base */,
			);
			name = LaunchScreen.storyboard;
			sourceTree = "<group>";
		};
/* End PBXVariantGroup section */

/* Begin XCBuildConfiguration section */
		D56582001CB51FA000AB8DDB /* Debug */ = {
			isa = XCBuildConfiguration;
			buildSettings = {
				ALWAYS_SEARCH_USER_PATHS = NO;
				CLANG_ANALYZER_NONNULL = YES;
				CLANG_CXX_LANGUAGE_STANDARD = "gnu++0x";
				CLANG_CXX_LIBRARY = "libc++";
				CLANG_ENABLE_MODULES = YES;
				CLANG_ENABLE_OBJC_ARC = YES;
				CLANG_WARN_BOOL_CONVERSION = YES;
				CLANG_WARN_CONSTANT_CONVERSION = YES;
				CLANG_WARN_DIRECT_OBJC_ISA_USAGE = YES_ERROR;
				CLANG_WARN_EMPTY_BODY = YES;
				CLANG_WARN_ENUM_CONVERSION = YES;
				CLANG_WARN_INT_CONVERSION = YES;
				CLANG_WARN_OBJC_ROOT_CLASS = YES_ERROR;
				CLANG_WARN_UNREACHABLE_CODE = YES;
				CLANG_WARN__DUPLICATE_METHOD_MATCH = YES;
				"CODE_SIGN_IDENTITY[sdk=iphoneos*]" = "iPhone Developer";
				COPY_PHASE_STRIP = NO;
				DEBUG_INFORMATION_FORMAT = dwarf;
				ENABLE_STRICT_OBJC_MSGSEND = YES;
				ENABLE_TESTABILITY = YES;
				GCC_C_LANGUAGE_STANDARD = gnu99;
				GCC_DYNAMIC_NO_PIC = NO;
				GCC_NO_COMMON_BLOCKS = YES;
				GCC_OPTIMIZATION_LEVEL = 0;
				GCC_PREPROCESSOR_DEFINITIONS = (
					"DEBUG=1",
					"$(inherited)",
				);
				GCC_WARN_64_TO_32_BIT_CONVERSION = YES;
				GCC_WARN_ABOUT_RETURN_TYPE = YES_ERROR;
				GCC_WARN_UNDECLARED_SELECTOR = YES;
				GCC_WARN_UNINITIALIZED_AUTOS = YES_AGGRESSIVE;
				GCC_WARN_UNUSED_FUNCTION = YES;
				GCC_WARN_UNUSED_VARIABLE = YES;
				IPHONEOS_DEPLOYMENT_TARGET = 9.3;
				MTL_ENABLE_DEBUG_INFO = YES;
				ONLY_ACTIVE_ARCH = YES;
				SDKROOT = iphoneos;
			};
			name = Debug;
		};
		D56582011CB51FA000AB8DDB /* Release */ = {
			isa = XCBuildConfiguration;
			buildSettings = {
				ALWAYS_SEARCH_USER_PATHS = NO;
				CLANG_ANALYZER_NONNULL = YES;
				CLANG_CXX_LANGUAGE_STANDARD = "gnu++0x";
				CLANG_CXX_LIBRARY = "libc++";
				CLANG_ENABLE_MODULES = YES;
				CLANG_ENABLE_OBJC_ARC = YES;
				CLANG_WARN_BOOL_CONVERSION = YES;
				CLANG_WARN_CONSTANT_CONVERSION = YES;
				CLANG_WARN_DIRECT_OBJC_ISA_USAGE = YES_ERROR;
				CLANG_WARN_EMPTY_BODY = YES;
				CLANG_WARN_ENUM_CONVERSION = YES;
				CLANG_WARN_INT_CONVERSION = YES;
				CLANG_WARN_OBJC_ROOT_CLASS = YES_ERROR;
				CLANG_WARN_UNREACHABLE_CODE = YES;
				CLANG_WARN__DUPLICATE_METHOD_MATCH = YES;
				"CODE_SIGN_IDENTITY[sdk=iphoneos*]" = "iPhone Developer";
				COPY_PHASE_STRIP = NO;
				DEBUG_INFORMATION_FORMAT = "dwarf-with-dsym";
				ENABLE_NS_ASSERTIONS = NO;
				ENABLE_STRICT_OBJC_MSGSEND = YES;
				GCC_C_LANGUAGE_STANDARD = gnu99;
				GCC_NO_COMMON_BLOCKS = YES;
				GCC_WARN_64_TO_32_BIT_CONVERSION = YES;
				GCC_WARN_ABOUT_RETURN_TYPE = YES_ERROR;
				GCC_WARN_UNDECLARED_SELECTOR = YES;
				GCC_WARN_UNINITIALIZED_AUTOS = YES_AGGRESSIVE;
				GCC_WARN_UNUSED_FUNCTION = YES;
				GCC_WARN_UNUSED_VARIABLE = YES;
				IPHONEOS_DEPLOYMENT_TARGET = 9.3;
				MTL_ENABLE_DEBUG_INFO = NO;
				SDKROOT = iphoneos;
				VALIDATE_PRODUCT = YES;
			};
			name = Release;
		};
		D56582031CB51FA000AB8DDB /* Debug */ = {
			isa = XCBuildConfiguration;
			buildSettings = {
				ASSETCATALOG_COMPILER_APPICON_NAME = AppIcon;
				INFOPLIST_FILE = EpochConverter/Info.plist;
				IPHONEOS_DEPLOYMENT_TARGET = 8.0;
				LD_RUNPATH_SEARCH_PATHS = "$(inherited) @executable_path/Frameworks";
				PRODUCT_BUNDLE_IDENTIFIER = xyz.quver.EpochConverter;
				PRODUCT_NAME = "$(TARGET_NAME)";
			};
			name = Debug;
		};
		D56582041CB51FA000AB8DDB /* Release */ = {
			isa = XCBuildConfiguration;
			buildSettings = {
				ASSETCATALOG_COMPILER_APPICON_NAME = AppIcon;
				INFOPLIST_FILE = EpochConverter/Info.plist;
				IPHONEOS_DEPLOYMENT_TARGET = 8.0;
				LD_RUNPATH_SEARCH_PATHS = "$(inherited) @executable_path/Frameworks";
				PRODUCT_BUNDLE_IDENTIFIER = xyz.quver.EpochConverter;
				PRODUCT_NAME = "$(TARGET_NAME)";
			};
			name = Release;
		};
		D56582061CB51FA000AB8DDB /* Debug */ = {
			isa = XCBuildConfiguration;
			buildSettings = {
				BUNDLE_LOADER = "$(TEST_HOST)";
				INFOPLIST_FILE = EpochConverterTests/Info.plist;
				LD_RUNPATH_SEARCH_PATHS = "$(inherited) @executable_path/Frameworks @loader_path/Frameworks";
				PRODUCT_BUNDLE_IDENTIFIER = xyz.quver.EpochConverterTests;
				PRODUCT_NAME = "$(TARGET_NAME)";
				TEST_HOST = "$(BUILT_PRODUCTS_DIR)/EpochConverter.app/EpochConverter";
			};
			name = Debug;
		};
		D56582071CB51FA000AB8DDB /* Release */ = {
			isa = XCBuildConfiguration;
			buildSettings = {
				BUNDLE_LOADER = "$(TEST_HOST)";
				INFOPLIST_FILE = EpochConverterTests/Info.plist;
				LD_RUNPATH_SEARCH_PATHS = "$(inherited) @executable_path/Frameworks @loader_path/Frameworks";
				PRODUCT_BUNDLE_IDENTIFIER = xyz.quver.EpochConverterTests;
				PRODUCT_NAME = "$(TARGET_NAME)";
				TEST_HOST = "$(BUILT_PRODUCTS_DIR)/EpochConverter.app/EpochConverter";
			};
			name = Release;
		};
/* End XCBuildConfiguration section */

/* Begin XCConfigurationList section */
		D56581DB1CB51FA000AB8DDB /* Build configuration list for PBXProject "EpochConverter" */ = {
			isa = XCConfigurationList;
			buildConfigurations = (
				D56582001CB51FA000AB8DDB /* Debug */,
				D56582011CB51FA000AB8DDB /* Release */,
			);
			defaultConfigurationIsVisible = 0;
			defaultConfigurationName = Release;
		};
		D56582021CB51FA000AB8DDB /* Build configuration list for PBXNativeTarget "EpochConverter" */ = {
			isa = XCConfigurationList;
			buildConfigurations = (
				D56582031CB51FA000AB8DDB /* Debug */,
				D56582041CB51FA000AB8DDB /* Release */,
			);
			defaultConfigurationIsVisible = 0;
			defaultConfigurationName = Release;
		};
		D56582051CB51FA000AB8DDB /* Build configuration list for PBXNativeTarget "EpochConverterTests" */ = {
			isa = XCConfigurationList;
			buildConfigurations = (
				D56582061CB51FA000AB8DDB /* Debug */,
				D56582071CB51FA000AB8DDB /* Release */,
			);
			defaultConfigurationIsVisible = 0;
			defaultConfigurationName = Release;
		};
/* End XCConfigurationList section */
	};
	rootObject = D56581D81CB51FA000AB8DDB /* Project object */;
}
